
Microsoft Visual Studio Solution File, Format Version 12.00
# Visual Studio 15
VisualStudioVersion = 15.0.28307.168
MinimumVisualStudioVersion = 10.0.40219.1
Project("{FAE04EC0-301F-11D3-BF4B-00C04F79EFBC}") = "delegate-01", "delegate-01\delegate-01.csproj", "{8C9ABF06-AC5F-4743-9945-57CC541952E1}"
EndProject
Project("{FAE04EC0-301F-11D3-BF4B-00C04F79EFBC}") = "delegateclasslib", "delegateclasslib\delegateclasslib.csproj", "{C3C31219-0BB0-4745-B36F-E9A283AAE109}"
EndProject
Project("{FAE04EC0-301F-11D3-BF4B-00C04F79EFBC}") = "WindowsFormsApp1", "WindowsFormsApp1\WindowsFormsApp1.csproj", "{11B517E0-3817-45A4-8EC7-AA216BC89F3D}"
EndProject
Global
	GlobalSection(SolutionConfigurationPlatforms) = preSolution
		Debug|Any CPU = Debug|Any CPU
		Release|Any CPU = Release|Any CPU
	EndGlobalSection
	GlobalSection(ProjectConfigurationPlatforms) = postSolution
		{8C9ABF06-AC5F-4743-9945-57CC541952E1}.Debug|Any CPU.ActiveCfg = Debug|Any CPU
		{8C9ABF06-AC5F-4743-9945-57CC541952E1}.Debug|Any CPU.Build.0 = Debug|Any CPU
		{8C9ABF06-AC5F-4743-9945-57CC541952E1}.Release|Any CPU.ActiveCfg = Release|Any CPU
		{8C9ABF06-AC5F-4743-9945-57CC541952E1}.Release|Any CPU.Build.0 = Release|Any CPU
		{C3C31219-0BB0-4745-B36F-E9A283AAE109}.Debug|Any CPU.ActiveCfg = Debug|Any CPU
		{C3C31219-0BB0-4745-B36F-E9A283AAE109}.Debug|Any CPU.Build.0 = Debug|Any CPU
		{C3C31219-0BB0-4745-B36F-E9A283AAE109}.Release|Any CPU.ActiveCfg = Release|Any CPU
		{C3C31219-0BB0-4745-B36F-E9A283AAE109}.Release|Any CPU.Build.0 = Release|Any CPU
		{11B517E0-3817-45A4-8EC7-AA216BC89F3D}.Debug|Any CPU.ActiveCfg = Debug|Any CPU
		{11B517E0-3817-45A4-8EC7-AA216BC89F3D}.Debug|Any CPU.Build.0 = Debug|Any CPU
		{11B517E0-3817-45A4-8EC7-AA216BC89F3D}.Release|Any CPU.ActiveCfg = Release|Any CPU
		{11B517E0-3817-45A4-8EC7-AA216BC89F3D}.Release|Any CPU.Build.0 = Release|Any CPU
	EndGlobalSection
	GlobalSection(SolutionProperties) = preSolution
		HideSolutionNode = FALSE
	EndGlobalSection
	GlobalSection(ExtensibilityGlobals) = postSolution
		SolutionGuid = {B32EA186-AB69-448E-8AE3-465E8B77EAAC}
	EndGlobalSection
EndGlobal
